{
  "name": "Distributed-System-Master",
  "lockfileVersion": 3,
  "requires": true,
  "packages": {
    "": {
      "dependencies": {
        "@hyperlane-xyz/cli": "^35.1.0"
      }
    },
    "node_modules/@hyperlane-xyz/cli": {
      "version": "35.1.0",
      "resolved": "https://registry.npmjs.org/@hyperlane-xyz/cli/-/cli-35.1.0.tgz",
      "integrity": "sha512-m1Ia19ZsCLwYL9pocz3/enhcY8aY85KChhEOZNYDX3kIM3qxoG7nSLZ1fHfn7lVE7RvAsLU6ubU7SpCy5aMApQ==",
      "bin": {
        "hyperlane": "bundle/index.js"
      },
      "engines": {
        "node": ">=16"
      }
    }
  }
}
